
Microsoft Visual Studio Solution File, Format Version 12.00
# Visual Studio 2012
Project("{FAE04EC0-301F-11D3-BF4B-00C04F79EFBC}") = "03. Naming Identifiers", "03. Naming Identifiers\03. Naming Identifiers.csproj", "{3FD0F4FB-54E9-49AC-9452-A74467F62D2E}"
EndProject
Global
	GlobalSection(SolutionConfigurationPlatforms) = preSolution
		Debug|Any CPU = Debug|Any CPU
		Release|Any CPU = Release|Any CPU
	EndGlobalSection
	GlobalSection(ProjectConfigurationPlatforms) = postSolution
		{3FD0F4FB-54E9-49AC-9452-A74467F62D2E}.Debug|Any CPU.ActiveCfg = Debug|Any CPU
		{3FD0F4FB-54E9-49AC-9452-A74467F62D2E}.Debug|Any CPU.Build.0 = Debug|Any CPU
		{3FD0F4FB-54E9-49AC-9452-A74467F62D2E}.Release|Any CPU.ActiveCfg = Release|Any CPU
		{3FD0F4FB-54E9-49AC-9452-A74467F62D2E}.Release|Any CPU.Build.0 = Release|Any CPU
	EndGlobalSection
	GlobalSection(SolutionProperties) = preSolution
		HideSolutionNode = FALSE
	EndGlobalSection
EndGlobal
